
Microsoft Visual Studio Solution File, Format Version 12.00
# Visual Studio Version 17
VisualStudioVersion = 17.0.32112.339
MinimumVisualStudioVersion = 10.0.40219.1
Project("{8BC9CEB8-8B4A-11D0-8D11-00A0C91BC942}") = "lcc18c1s1", "lcc18c1s1\lcc18c1s1.vcxproj", "{F1D8FEB2-C043-4BDF-B345-2E2B57F63FED}"
EndProject
Global
	GlobalSection(SolutionConfigurationPlatforms) = preSolution
		Debug|x64 = Debug|x64
		Debug|x86 = Debug|x86
		Release|x64 = Release|x64
		Release|x86 = Release|x86
	EndGlobalSection
	GlobalSection(ProjectConfigurationPlatforms) = postSolution
		{F1D8FEB2-C043-4BDF-B345-2E2B57F63FED}.Debug|x64.ActiveCfg = Debug|x64
		{F1D8FEB2-C043-4BDF-B345-2E2B57F63FED}.Debug|x64.Build.0 = Debug|x64
		{F1D8FEB2-C043-4BDF-B345-2E2B57F63FED}.Debug|x86.ActiveCfg = Debug|Win32
		{F1D8FEB2-C043-4BDF-B345-2E2B57F63FED}.Debug|x86.Build.0 = Debug|Win32
		{F1D8FEB2-C043-4BDF-B345-2E2B57F63FED}.Release|x64.ActiveCfg = Release|x64
		{F1D8FEB2-C043-4BDF-B345-2E2B57F63FED}.Release|x64.Build.0 = Release|x64
		{F1D8FEB2-C043-4BDF-B345-2E2B57F63FED}.Release|x86.ActiveCfg = Release|Win32
		{F1D8FEB2-C043-4BDF-B345-2E2B57F63FED}.Release|x86.Build.0 = Release|Win32
	EndGlobalSection
	GlobalSection(SolutionProperties) = preSolution
		HideSolutionNode = FALSE
	EndGlobalSection
	GlobalSection(ExtensibilityGlobals) = postSolution
		SolutionGuid = {3C77666F-85FE-4C38-B9B6-01CCBF1FEDE7}
	EndGlobalSection
EndGlobal
