
Microsoft Visual Studio Solution File, Format Version 12.00
# Visual Studio Version 17
VisualStudioVersion = 17.0.32112.339
MinimumVisualStudioVersion = 10.0.40219.1
Project("{8BC9CEB8-8B4A-11D0-8D11-00A0C91BC942}") = "dmopc17c1p1", "dmopc17c1p1\dmopc17c1p1.vcxproj", "{13CCEB89-E04A-4695-AF66-1C45862A2BCE}"
EndProject
Global
	GlobalSection(SolutionConfigurationPlatforms) = preSolution
		Debug|x64 = Debug|x64
		Debug|x86 = Debug|x86
		Release|x64 = Release|x64
		Release|x86 = Release|x86
	EndGlobalSection
	GlobalSection(ProjectConfigurationPlatforms) = postSolution
		{13CCEB89-E04A-4695-AF66-1C45862A2BCE}.Debug|x64.ActiveCfg = Debug|x64
		{13CCEB89-E04A-4695-AF66-1C45862A2BCE}.Debug|x64.Build.0 = Debug|x64
		{13CCEB89-E04A-4695-AF66-1C45862A2BCE}.Debug|x86.ActiveCfg = Debug|Win32
		{13CCEB89-E04A-4695-AF66-1C45862A2BCE}.Debug|x86.Build.0 = Debug|Win32
		{13CCEB89-E04A-4695-AF66-1C45862A2BCE}.Release|x64.ActiveCfg = Release|x64
		{13CCEB89-E04A-4695-AF66-1C45862A2BCE}.Release|x64.Build.0 = Release|x64
		{13CCEB89-E04A-4695-AF66-1C45862A2BCE}.Release|x86.ActiveCfg = Release|Win32
		{13CCEB89-E04A-4695-AF66-1C45862A2BCE}.Release|x86.Build.0 = Release|Win32
	EndGlobalSection
	GlobalSection(SolutionProperties) = preSolution
		HideSolutionNode = FALSE
	EndGlobalSection
	GlobalSection(ExtensibilityGlobals) = postSolution
		SolutionGuid = {0A764297-5459-4DAD-95F4-71CFD6A1A158}
	EndGlobalSection
EndGlobal
