
Microsoft Visual Studio Solution File, Format Version 12.00
# Visual Studio Version 17
VisualStudioVersion = 17.0.32112.339
MinimumVisualStudioVersion = 10.0.40219.1
Project("{8BC9CEB8-8B4A-11D0-8D11-00A0C91BC942}") = "ccc05j4", "ccc05j4\ccc05j4.vcxproj", "{4FAD4EE2-CC9B-4875-9796-133FE2ED7124}"
EndProject
Global
	GlobalSection(SolutionConfigurationPlatforms) = preSolution
		Debug|x64 = Debug|x64
		Debug|x86 = Debug|x86
		Release|x64 = Release|x64
		Release|x86 = Release|x86
	EndGlobalSection
	GlobalSection(ProjectConfigurationPlatforms) = postSolution
		{4FAD4EE2-CC9B-4875-9796-133FE2ED7124}.Debug|x64.ActiveCfg = Debug|x64
		{4FAD4EE2-CC9B-4875-9796-133FE2ED7124}.Debug|x64.Build.0 = Debug|x64
		{4FAD4EE2-CC9B-4875-9796-133FE2ED7124}.Debug|x86.ActiveCfg = Debug|Win32
		{4FAD4EE2-CC9B-4875-9796-133FE2ED7124}.Debug|x86.Build.0 = Debug|Win32
		{4FAD4EE2-CC9B-4875-9796-133FE2ED7124}.Release|x64.ActiveCfg = Release|x64
		{4FAD4EE2-CC9B-4875-9796-133FE2ED7124}.Release|x64.Build.0 = Release|x64
		{4FAD4EE2-CC9B-4875-9796-133FE2ED7124}.Release|x86.ActiveCfg = Release|Win32
		{4FAD4EE2-CC9B-4875-9796-133FE2ED7124}.Release|x86.Build.0 = Release|Win32
	EndGlobalSection
	GlobalSection(SolutionProperties) = preSolution
		HideSolutionNode = FALSE
	EndGlobalSection
	GlobalSection(ExtensibilityGlobals) = postSolution
		SolutionGuid = {AACE0CD7-739A-4C17-97D8-5AF02A370F4C}
	EndGlobalSection
EndGlobal
