
Microsoft Visual Studio Solution File, Format Version 12.00
# Visual Studio Version 17
VisualStudioVersion = 17.0.32112.339
MinimumVisualStudioVersion = 10.0.40219.1
Project("{8BC9CEB8-8B4A-11D0-8D11-00A0C91BC942}") = "usaco21febb3", "usaco21febb3\usaco21febb3.vcxproj", "{D891CF68-CDCE-4766-A6EE-628451F0F79C}"
EndProject
Global
	GlobalSection(SolutionConfigurationPlatforms) = preSolution
		Debug|x64 = Debug|x64
		Debug|x86 = Debug|x86
		Release|x64 = Release|x64
		Release|x86 = Release|x86
	EndGlobalSection
	GlobalSection(ProjectConfigurationPlatforms) = postSolution
		{D891CF68-CDCE-4766-A6EE-628451F0F79C}.Debug|x64.ActiveCfg = Debug|x64
		{D891CF68-CDCE-4766-A6EE-628451F0F79C}.Debug|x64.Build.0 = Debug|x64
		{D891CF68-CDCE-4766-A6EE-628451F0F79C}.Debug|x86.ActiveCfg = Debug|Win32
		{D891CF68-CDCE-4766-A6EE-628451F0F79C}.Debug|x86.Build.0 = Debug|Win32
		{D891CF68-CDCE-4766-A6EE-628451F0F79C}.Release|x64.ActiveCfg = Release|x64
		{D891CF68-CDCE-4766-A6EE-628451F0F79C}.Release|x64.Build.0 = Release|x64
		{D891CF68-CDCE-4766-A6EE-628451F0F79C}.Release|x86.ActiveCfg = Release|Win32
		{D891CF68-CDCE-4766-A6EE-628451F0F79C}.Release|x86.Build.0 = Release|Win32
	EndGlobalSection
	GlobalSection(SolutionProperties) = preSolution
		HideSolutionNode = FALSE
	EndGlobalSection
	GlobalSection(ExtensibilityGlobals) = postSolution
		SolutionGuid = {152D3BD2-A4B2-4672-8A53-7F28EC2C549C}
	EndGlobalSection
EndGlobal
