
Microsoft Visual Studio Solution File, Format Version 12.00
# Visual Studio Version 17
VisualStudioVersion = 17.0.32112.339
MinimumVisualStudioVersion = 10.0.40219.1
Project("{8BC9CEB8-8B4A-11D0-8D11-00A0C91BC942}") = "mccc4j2", "mccc4j2\mccc4j2.vcxproj", "{2B3221C4-6AE5-4B6A-A453-658ACD1A70FC}"
EndProject
Global
	GlobalSection(SolutionConfigurationPlatforms) = preSolution
		Debug|x64 = Debug|x64
		Debug|x86 = Debug|x86
		Release|x64 = Release|x64
		Release|x86 = Release|x86
	EndGlobalSection
	GlobalSection(ProjectConfigurationPlatforms) = postSolution
		{2B3221C4-6AE5-4B6A-A453-658ACD1A70FC}.Debug|x64.ActiveCfg = Debug|x64
		{2B3221C4-6AE5-4B6A-A453-658ACD1A70FC}.Debug|x64.Build.0 = Debug|x64
		{2B3221C4-6AE5-4B6A-A453-658ACD1A70FC}.Debug|x86.ActiveCfg = Debug|Win32
		{2B3221C4-6AE5-4B6A-A453-658ACD1A70FC}.Debug|x86.Build.0 = Debug|Win32
		{2B3221C4-6AE5-4B6A-A453-658ACD1A70FC}.Release|x64.ActiveCfg = Release|x64
		{2B3221C4-6AE5-4B6A-A453-658ACD1A70FC}.Release|x64.Build.0 = Release|x64
		{2B3221C4-6AE5-4B6A-A453-658ACD1A70FC}.Release|x86.ActiveCfg = Release|Win32
		{2B3221C4-6AE5-4B6A-A453-658ACD1A70FC}.Release|x86.Build.0 = Release|Win32
	EndGlobalSection
	GlobalSection(SolutionProperties) = preSolution
		HideSolutionNode = FALSE
	EndGlobalSection
	GlobalSection(ExtensibilityGlobals) = postSolution
		SolutionGuid = {0407E530-D434-4C53-88AA-00BA5DCD6991}
	EndGlobalSection
EndGlobal
