
Microsoft Visual Studio Solution File, Format Version 12.00
# Visual Studio Version 17
VisualStudioVersion = 17.0.32112.339
MinimumVisualStudioVersion = 10.0.40219.1
Project("{8BC9CEB8-8B4A-11D0-8D11-00A0C91BC942}") = "hkccc15s1", "hkccc15s1\hkccc15s1.vcxproj", "{27F92AFE-16F2-40D9-A20F-BD7B21CDD0DF}"
EndProject
Global
	GlobalSection(SolutionConfigurationPlatforms) = preSolution
		Debug|x64 = Debug|x64
		Debug|x86 = Debug|x86
		Release|x64 = Release|x64
		Release|x86 = Release|x86
	EndGlobalSection
	GlobalSection(ProjectConfigurationPlatforms) = postSolution
		{27F92AFE-16F2-40D9-A20F-BD7B21CDD0DF}.Debug|x64.ActiveCfg = Debug|x64
		{27F92AFE-16F2-40D9-A20F-BD7B21CDD0DF}.Debug|x64.Build.0 = Debug|x64
		{27F92AFE-16F2-40D9-A20F-BD7B21CDD0DF}.Debug|x86.ActiveCfg = Debug|Win32
		{27F92AFE-16F2-40D9-A20F-BD7B21CDD0DF}.Debug|x86.Build.0 = Debug|Win32
		{27F92AFE-16F2-40D9-A20F-BD7B21CDD0DF}.Release|x64.ActiveCfg = Release|x64
		{27F92AFE-16F2-40D9-A20F-BD7B21CDD0DF}.Release|x64.Build.0 = Release|x64
		{27F92AFE-16F2-40D9-A20F-BD7B21CDD0DF}.Release|x86.ActiveCfg = Release|Win32
		{27F92AFE-16F2-40D9-A20F-BD7B21CDD0DF}.Release|x86.Build.0 = Release|Win32
	EndGlobalSection
	GlobalSection(SolutionProperties) = preSolution
		HideSolutionNode = FALSE
	EndGlobalSection
	GlobalSection(ExtensibilityGlobals) = postSolution
		SolutionGuid = {DCBC3703-78F7-4DC1-A2B3-4B5127A6FC6C}
	EndGlobalSection
EndGlobal
