
Microsoft Visual Studio Solution File, Format Version 12.00
# Visual Studio Version 17
VisualStudioVersion = 17.0.32112.339
MinimumVisualStudioVersion = 10.0.40219.1
Project("{8BC9CEB8-8B4A-11D0-8D11-00A0C91BC942}") = "getproblems3", "getproblems3\getproblems3.vcxproj", "{3FADA798-E1A5-4275-9002-00EC20900389}"
EndProject
Global
	GlobalSection(SolutionConfigurationPlatforms) = preSolution
		Debug|x64 = Debug|x64
		Debug|x86 = Debug|x86
		Release|x64 = Release|x64
		Release|x86 = Release|x86
	EndGlobalSection
	GlobalSection(ProjectConfigurationPlatforms) = postSolution
		{3FADA798-E1A5-4275-9002-00EC20900389}.Debug|x64.ActiveCfg = Debug|x64
		{3FADA798-E1A5-4275-9002-00EC20900389}.Debug|x64.Build.0 = Debug|x64
		{3FADA798-E1A5-4275-9002-00EC20900389}.Debug|x86.ActiveCfg = Debug|Win32
		{3FADA798-E1A5-4275-9002-00EC20900389}.Debug|x86.Build.0 = Debug|Win32
		{3FADA798-E1A5-4275-9002-00EC20900389}.Release|x64.ActiveCfg = Release|x64
		{3FADA798-E1A5-4275-9002-00EC20900389}.Release|x64.Build.0 = Release|x64
		{3FADA798-E1A5-4275-9002-00EC20900389}.Release|x86.ActiveCfg = Release|Win32
		{3FADA798-E1A5-4275-9002-00EC20900389}.Release|x86.Build.0 = Release|Win32
	EndGlobalSection
	GlobalSection(SolutionProperties) = preSolution
		HideSolutionNode = FALSE
	EndGlobalSection
	GlobalSection(ExtensibilityGlobals) = postSolution
		SolutionGuid = {4A88523B-F09A-464D-ABB7-AE5E3E17AFA3}
	EndGlobalSection
EndGlobal
