
Microsoft Visual Studio Solution File, Format Version 12.00
# Visual Studio Version 17
VisualStudioVersion = 17.0.32112.339
MinimumVisualStudioVersion = 10.0.40219.1
Project("{8BC9CEB8-8B4A-11D0-8D11-00A0C91BC942}") = "coci18c1p3", "coci18c1p3\coci18c1p3.vcxproj", "{5932C965-F735-47B1-88E2-DB62BA711A92}"
EndProject
Global
	GlobalSection(SolutionConfigurationPlatforms) = preSolution
		Debug|x64 = Debug|x64
		Debug|x86 = Debug|x86
		Release|x64 = Release|x64
		Release|x86 = Release|x86
	EndGlobalSection
	GlobalSection(ProjectConfigurationPlatforms) = postSolution
		{5932C965-F735-47B1-88E2-DB62BA711A92}.Debug|x64.ActiveCfg = Debug|x64
		{5932C965-F735-47B1-88E2-DB62BA711A92}.Debug|x64.Build.0 = Debug|x64
		{5932C965-F735-47B1-88E2-DB62BA711A92}.Debug|x86.ActiveCfg = Debug|Win32
		{5932C965-F735-47B1-88E2-DB62BA711A92}.Debug|x86.Build.0 = Debug|Win32
		{5932C965-F735-47B1-88E2-DB62BA711A92}.Release|x64.ActiveCfg = Release|x64
		{5932C965-F735-47B1-88E2-DB62BA711A92}.Release|x64.Build.0 = Release|x64
		{5932C965-F735-47B1-88E2-DB62BA711A92}.Release|x86.ActiveCfg = Release|Win32
		{5932C965-F735-47B1-88E2-DB62BA711A92}.Release|x86.Build.0 = Release|Win32
	EndGlobalSection
	GlobalSection(SolutionProperties) = preSolution
		HideSolutionNode = FALSE
	EndGlobalSection
	GlobalSection(ExtensibilityGlobals) = postSolution
		SolutionGuid = {62230DDC-CD9E-410C-AD55-B22C9EA85235}
	EndGlobalSection
EndGlobal
