
Microsoft Visual Studio Solution File, Format Version 12.00
# Visual Studio Version 17
VisualStudioVersion = 17.0.32112.339
MinimumVisualStudioVersion = 10.0.40219.1
Project("{8BC9CEB8-8B4A-11D0-8D11-00A0C91BC942}") = "mccc1j2", "mccc1j2\mccc1j2.vcxproj", "{D59EAB75-526E-4CD2-9176-A3E131A8D5EB}"
EndProject
Global
	GlobalSection(SolutionConfigurationPlatforms) = preSolution
		Debug|x64 = Debug|x64
		Debug|x86 = Debug|x86
		Release|x64 = Release|x64
		Release|x86 = Release|x86
	EndGlobalSection
	GlobalSection(ProjectConfigurationPlatforms) = postSolution
		{D59EAB75-526E-4CD2-9176-A3E131A8D5EB}.Debug|x64.ActiveCfg = Debug|x64
		{D59EAB75-526E-4CD2-9176-A3E131A8D5EB}.Debug|x64.Build.0 = Debug|x64
		{D59EAB75-526E-4CD2-9176-A3E131A8D5EB}.Debug|x86.ActiveCfg = Debug|Win32
		{D59EAB75-526E-4CD2-9176-A3E131A8D5EB}.Debug|x86.Build.0 = Debug|Win32
		{D59EAB75-526E-4CD2-9176-A3E131A8D5EB}.Release|x64.ActiveCfg = Release|x64
		{D59EAB75-526E-4CD2-9176-A3E131A8D5EB}.Release|x64.Build.0 = Release|x64
		{D59EAB75-526E-4CD2-9176-A3E131A8D5EB}.Release|x86.ActiveCfg = Release|Win32
		{D59EAB75-526E-4CD2-9176-A3E131A8D5EB}.Release|x86.Build.0 = Release|Win32
	EndGlobalSection
	GlobalSection(SolutionProperties) = preSolution
		HideSolutionNode = FALSE
	EndGlobalSection
	GlobalSection(ExtensibilityGlobals) = postSolution
		SolutionGuid = {7954D385-B72D-4F3B-89AE-849940FC5F74}
	EndGlobalSection
EndGlobal
