
Microsoft Visual Studio Solution File, Format Version 12.00
# Visual Studio Version 17
VisualStudioVersion = 17.0.32112.339
MinimumVisualStudioVersion = 10.0.40219.1
Project("{8BC9CEB8-8B4A-11D0-8D11-00A0C91BC942}") = "sac22cc3pj2", "sac22cc3pj2\sac22cc3pj2.vcxproj", "{BFA234A8-489B-4E8B-A24F-93D1DFCDE763}"
EndProject
Global
	GlobalSection(SolutionConfigurationPlatforms) = preSolution
		Debug|x64 = Debug|x64
		Debug|x86 = Debug|x86
		Release|x64 = Release|x64
		Release|x86 = Release|x86
	EndGlobalSection
	GlobalSection(ProjectConfigurationPlatforms) = postSolution
		{BFA234A8-489B-4E8B-A24F-93D1DFCDE763}.Debug|x64.ActiveCfg = Debug|x64
		{BFA234A8-489B-4E8B-A24F-93D1DFCDE763}.Debug|x64.Build.0 = Debug|x64
		{BFA234A8-489B-4E8B-A24F-93D1DFCDE763}.Debug|x86.ActiveCfg = Debug|Win32
		{BFA234A8-489B-4E8B-A24F-93D1DFCDE763}.Debug|x86.Build.0 = Debug|Win32
		{BFA234A8-489B-4E8B-A24F-93D1DFCDE763}.Release|x64.ActiveCfg = Release|x64
		{BFA234A8-489B-4E8B-A24F-93D1DFCDE763}.Release|x64.Build.0 = Release|x64
		{BFA234A8-489B-4E8B-A24F-93D1DFCDE763}.Release|x86.ActiveCfg = Release|Win32
		{BFA234A8-489B-4E8B-A24F-93D1DFCDE763}.Release|x86.Build.0 = Release|Win32
	EndGlobalSection
	GlobalSection(SolutionProperties) = preSolution
		HideSolutionNode = FALSE
	EndGlobalSection
	GlobalSection(ExtensibilityGlobals) = postSolution
		SolutionGuid = {8783575A-AEBF-4146-A755-B4EEAEF7E3FB}
	EndGlobalSection
EndGlobal
