
Microsoft Visual Studio Solution File, Format Version 12.00
# Visual Studio Version 17
VisualStudioVersion = 17.0.32112.339
MinimumVisualStudioVersion = 10.0.40219.1
Project("{8BC9CEB8-8B4A-11D0-8D11-00A0C91BC942}") = "ContestTemplate10", "ContestTemplate10\ContestTemplate10.vcxproj", "{2B5A5B49-07C1-45E2-93CE-3F84B9A0E504}"
EndProject
Global
	GlobalSection(SolutionConfigurationPlatforms) = preSolution
		Debug|x64 = Debug|x64
		Debug|x86 = Debug|x86
		Release|x64 = Release|x64
		Release|x86 = Release|x86
	EndGlobalSection
	GlobalSection(ProjectConfigurationPlatforms) = postSolution
		{2B5A5B49-07C1-45E2-93CE-3F84B9A0E504}.Debug|x64.ActiveCfg = Debug|x64
		{2B5A5B49-07C1-45E2-93CE-3F84B9A0E504}.Debug|x64.Build.0 = Debug|x64
		{2B5A5B49-07C1-45E2-93CE-3F84B9A0E504}.Debug|x86.ActiveCfg = Debug|Win32
		{2B5A5B49-07C1-45E2-93CE-3F84B9A0E504}.Debug|x86.Build.0 = Debug|Win32
		{2B5A5B49-07C1-45E2-93CE-3F84B9A0E504}.Release|x64.ActiveCfg = Release|x64
		{2B5A5B49-07C1-45E2-93CE-3F84B9A0E504}.Release|x64.Build.0 = Release|x64
		{2B5A5B49-07C1-45E2-93CE-3F84B9A0E504}.Release|x86.ActiveCfg = Release|Win32
		{2B5A5B49-07C1-45E2-93CE-3F84B9A0E504}.Release|x86.Build.0 = Release|Win32
	EndGlobalSection
	GlobalSection(SolutionProperties) = preSolution
		HideSolutionNode = FALSE
	EndGlobalSection
	GlobalSection(ExtensibilityGlobals) = postSolution
		SolutionGuid = {19D96487-9932-4C39-9119-1D3F1502689B}
	EndGlobalSection
EndGlobal
