
Microsoft Visual Studio Solution File, Format Version 12.00
# Visual Studio Version 17
VisualStudioVersion = 17.0.32112.339
MinimumVisualStudioVersion = 10.0.40219.1
Project("{8BC9CEB8-8B4A-11D0-8D11-00A0C91BC942}") = "sac22cc4jp3", "sac22cc4jp3\sac22cc4jp3.vcxproj", "{A00FC24F-E2D0-43D2-855E-132A55F62B0E}"
EndProject
Global
	GlobalSection(SolutionConfigurationPlatforms) = preSolution
		Debug|x64 = Debug|x64
		Debug|x86 = Debug|x86
		Release|x64 = Release|x64
		Release|x86 = Release|x86
	EndGlobalSection
	GlobalSection(ProjectConfigurationPlatforms) = postSolution
		{A00FC24F-E2D0-43D2-855E-132A55F62B0E}.Debug|x64.ActiveCfg = Debug|x64
		{A00FC24F-E2D0-43D2-855E-132A55F62B0E}.Debug|x64.Build.0 = Debug|x64
		{A00FC24F-E2D0-43D2-855E-132A55F62B0E}.Debug|x86.ActiveCfg = Debug|Win32
		{A00FC24F-E2D0-43D2-855E-132A55F62B0E}.Debug|x86.Build.0 = Debug|Win32
		{A00FC24F-E2D0-43D2-855E-132A55F62B0E}.Release|x64.ActiveCfg = Release|x64
		{A00FC24F-E2D0-43D2-855E-132A55F62B0E}.Release|x64.Build.0 = Release|x64
		{A00FC24F-E2D0-43D2-855E-132A55F62B0E}.Release|x86.ActiveCfg = Release|Win32
		{A00FC24F-E2D0-43D2-855E-132A55F62B0E}.Release|x86.Build.0 = Release|Win32
	EndGlobalSection
	GlobalSection(SolutionProperties) = preSolution
		HideSolutionNode = FALSE
	EndGlobalSection
	GlobalSection(ExtensibilityGlobals) = postSolution
		SolutionGuid = {B901DD61-88B8-401D-B2C6-AD5D53E04470}
	EndGlobalSection
EndGlobal
