
Microsoft Visual Studio Solution File, Format Version 12.00
# Visual Studio Version 17
VisualStudioVersion = 17.0.32112.339
MinimumVisualStudioVersion = 10.0.40219.1
Project("{8BC9CEB8-8B4A-11D0-8D11-00A0C91BC942}") = "ccc09s4", "ccc09s4\ccc09s4.vcxproj", "{87ADCFA5-47DF-4588-A744-A50FDF37316F}"
EndProject
Global
	GlobalSection(SolutionConfigurationPlatforms) = preSolution
		Debug|x64 = Debug|x64
		Debug|x86 = Debug|x86
		Release|x64 = Release|x64
		Release|x86 = Release|x86
	EndGlobalSection
	GlobalSection(ProjectConfigurationPlatforms) = postSolution
		{87ADCFA5-47DF-4588-A744-A50FDF37316F}.Debug|x64.ActiveCfg = Debug|x64
		{87ADCFA5-47DF-4588-A744-A50FDF37316F}.Debug|x64.Build.0 = Debug|x64
		{87ADCFA5-47DF-4588-A744-A50FDF37316F}.Debug|x86.ActiveCfg = Debug|Win32
		{87ADCFA5-47DF-4588-A744-A50FDF37316F}.Debug|x86.Build.0 = Debug|Win32
		{87ADCFA5-47DF-4588-A744-A50FDF37316F}.Release|x64.ActiveCfg = Release|x64
		{87ADCFA5-47DF-4588-A744-A50FDF37316F}.Release|x64.Build.0 = Release|x64
		{87ADCFA5-47DF-4588-A744-A50FDF37316F}.Release|x86.ActiveCfg = Release|Win32
		{87ADCFA5-47DF-4588-A744-A50FDF37316F}.Release|x86.Build.0 = Release|Win32
	EndGlobalSection
	GlobalSection(SolutionProperties) = preSolution
		HideSolutionNode = FALSE
	EndGlobalSection
	GlobalSection(ExtensibilityGlobals) = postSolution
		SolutionGuid = {F9F3354C-8E37-4575-B4ED-E7E3E6E0D159}
	EndGlobalSection
EndGlobal
