
Microsoft Visual Studio Solution File, Format Version 12.00
# Visual Studio Version 17
VisualStudioVersion = 17.0.32112.339
MinimumVisualStudioVersion = 10.0.40219.1
Project("{8BC9CEB8-8B4A-11D0-8D11-00A0C91BC942}") = "mockccc15j1", "mockccc15j1\mockccc15j1.vcxproj", "{CBC83EBE-0C4B-4D54-8967-C745968BE570}"
EndProject
Global
	GlobalSection(SolutionConfigurationPlatforms) = preSolution
		Debug|x64 = Debug|x64
		Debug|x86 = Debug|x86
		Release|x64 = Release|x64
		Release|x86 = Release|x86
	EndGlobalSection
	GlobalSection(ProjectConfigurationPlatforms) = postSolution
		{CBC83EBE-0C4B-4D54-8967-C745968BE570}.Debug|x64.ActiveCfg = Debug|x64
		{CBC83EBE-0C4B-4D54-8967-C745968BE570}.Debug|x64.Build.0 = Debug|x64
		{CBC83EBE-0C4B-4D54-8967-C745968BE570}.Debug|x86.ActiveCfg = Debug|Win32
		{CBC83EBE-0C4B-4D54-8967-C745968BE570}.Debug|x86.Build.0 = Debug|Win32
		{CBC83EBE-0C4B-4D54-8967-C745968BE570}.Release|x64.ActiveCfg = Release|x64
		{CBC83EBE-0C4B-4D54-8967-C745968BE570}.Release|x64.Build.0 = Release|x64
		{CBC83EBE-0C4B-4D54-8967-C745968BE570}.Release|x86.ActiveCfg = Release|Win32
		{CBC83EBE-0C4B-4D54-8967-C745968BE570}.Release|x86.Build.0 = Release|Win32
	EndGlobalSection
	GlobalSection(SolutionProperties) = preSolution
		HideSolutionNode = FALSE
	EndGlobalSection
	GlobalSection(ExtensibilityGlobals) = postSolution
		SolutionGuid = {8A35CE50-721B-4BFD-ADBC-75E647A9B06E}
	EndGlobalSection
EndGlobal
