
Microsoft Visual Studio Solution File, Format Version 12.00
# Visual Studio Version 17
VisualStudioVersion = 17.0.32112.339
MinimumVisualStudioVersion = 10.0.40219.1
Project("{8BC9CEB8-8B4A-11D0-8D11-00A0C91BC942}") = "ContestTemplate v0.1", "ContestTemplate v0.1\ContestTemplate v0.1.vcxproj", "{116266BE-8B04-441A-8B68-261CB4A0F06B}"
EndProject
Global
	GlobalSection(SolutionConfigurationPlatforms) = preSolution
		Debug|x64 = Debug|x64
		Debug|x86 = Debug|x86
		Release|x64 = Release|x64
		Release|x86 = Release|x86
	EndGlobalSection
	GlobalSection(ProjectConfigurationPlatforms) = postSolution
		{116266BE-8B04-441A-8B68-261CB4A0F06B}.Debug|x64.ActiveCfg = Debug|x64
		{116266BE-8B04-441A-8B68-261CB4A0F06B}.Debug|x64.Build.0 = Debug|x64
		{116266BE-8B04-441A-8B68-261CB4A0F06B}.Debug|x86.ActiveCfg = Debug|Win32
		{116266BE-8B04-441A-8B68-261CB4A0F06B}.Debug|x86.Build.0 = Debug|Win32
		{116266BE-8B04-441A-8B68-261CB4A0F06B}.Release|x64.ActiveCfg = Release|x64
		{116266BE-8B04-441A-8B68-261CB4A0F06B}.Release|x64.Build.0 = Release|x64
		{116266BE-8B04-441A-8B68-261CB4A0F06B}.Release|x86.ActiveCfg = Release|Win32
		{116266BE-8B04-441A-8B68-261CB4A0F06B}.Release|x86.Build.0 = Release|Win32
	EndGlobalSection
	GlobalSection(SolutionProperties) = preSolution
		HideSolutionNode = FALSE
	EndGlobalSection
	GlobalSection(ExtensibilityGlobals) = postSolution
		SolutionGuid = {202D2AC4-528C-4DCC-8572-AB7B05CBBD7E}
	EndGlobalSection
EndGlobal
