
Microsoft Visual Studio Solution File, Format Version 12.00
# Visual Studio Version 17
VisualStudioVersion = 17.0.32112.339
MinimumVisualStudioVersion = 10.0.40219.1
Project("{8BC9CEB8-8B4A-11D0-8D11-00A0C91BC942}") = "usaco22decb1", "usaco22decb1\usaco22decb1.vcxproj", "{02A0C2BE-CFF4-440B-9BA2-AE40F0074657}"
EndProject
Global
	GlobalSection(SolutionConfigurationPlatforms) = preSolution
		Debug|x64 = Debug|x64
		Debug|x86 = Debug|x86
		Release|x64 = Release|x64
		Release|x86 = Release|x86
	EndGlobalSection
	GlobalSection(ProjectConfigurationPlatforms) = postSolution
		{02A0C2BE-CFF4-440B-9BA2-AE40F0074657}.Debug|x64.ActiveCfg = Debug|x64
		{02A0C2BE-CFF4-440B-9BA2-AE40F0074657}.Debug|x64.Build.0 = Debug|x64
		{02A0C2BE-CFF4-440B-9BA2-AE40F0074657}.Debug|x86.ActiveCfg = Debug|Win32
		{02A0C2BE-CFF4-440B-9BA2-AE40F0074657}.Debug|x86.Build.0 = Debug|Win32
		{02A0C2BE-CFF4-440B-9BA2-AE40F0074657}.Release|x64.ActiveCfg = Release|x64
		{02A0C2BE-CFF4-440B-9BA2-AE40F0074657}.Release|x64.Build.0 = Release|x64
		{02A0C2BE-CFF4-440B-9BA2-AE40F0074657}.Release|x86.ActiveCfg = Release|Win32
		{02A0C2BE-CFF4-440B-9BA2-AE40F0074657}.Release|x86.Build.0 = Release|Win32
	EndGlobalSection
	GlobalSection(SolutionProperties) = preSolution
		HideSolutionNode = FALSE
	EndGlobalSection
	GlobalSection(ExtensibilityGlobals) = postSolution
		SolutionGuid = {28A1F983-021B-4ED0-8D45-5BD3106E779E}
	EndGlobalSection
EndGlobal
